
Microsoft Visual Studio Solution File, Format Version 12.00
# Visual Studio Version 17
VisualStudioVersion = 17.5.33424.131
MinimumVisualStudioVersion = 10.0.40219.1
Project("{FAE04EC0-301F-11D3-BF4B-00C04F79EFBC}") = "moduleСhangeSolution", "moduleСhangeSolution\moduleСhangeSolution.csproj", "{E68760D3-BA45-4B25-B8BA-29013CFFCB76}"
EndProject
Global
	GlobalSection(SolutionConfigurationPlatforms) = preSolution
		Debug|Any CPU = Debug|Any CPU
		Release|Any CPU = Release|Any CPU
	EndGlobalSection
	GlobalSection(ProjectConfigurationPlatforms) = postSolution
		{E68760D3-BA45-4B25-B8BA-29013CFFCB76}.Debug|Any CPU.ActiveCfg = Debug|Any CPU
		{E68760D3-BA45-4B25-B8BA-29013CFFCB76}.Debug|Any CPU.Build.0 = Debug|Any CPU
		{E68760D3-BA45-4B25-B8BA-29013CFFCB76}.Release|Any CPU.ActiveCfg = Release|Any CPU
		{E68760D3-BA45-4B25-B8BA-29013CFFCB76}.Release|Any CPU.Build.0 = Release|Any CPU
	EndGlobalSection
	GlobalSection(SolutionProperties) = preSolution
		HideSolutionNode = FALSE
	EndGlobalSection
	GlobalSection(ExtensibilityGlobals) = postSolution
		SolutionGuid = {06499FF7-2E56-48EE-9D08-B091F4F46015}
	EndGlobalSection
EndGlobal
